// !$*UTF8*$!
{
	archiveVersion = 1;
	classes = {
	};
	objectVersion = 46;
	objects = {

/* Begin PBXAggregateTarget section */
		"bgxpress::bgxpressPackageTests::ProductTarget" /* bgxpressPackageTests */ = {
			isa = PBXAggregateTarget;
			buildConfigurationList = OBJ_51 /* Build configuration list for PBXAggregateTarget "bgxpressPackageTests" */;
			buildPhases = (
			);
			dependencies = (
				OBJ_54 /* PBXTargetDependency */,
			);
			name = bgxpressPackageTests;
			productName = bgxpressPackageTests;
		};
/* End PBXAggregateTarget section */

/* Begin PBXBuildFile section */
		C90BD93E23ECC5B3007C3A4D /* CoreBluetooth.framework in Frameworks */ = {isa = PBXBuildFile; fileRef = C90BD93A23ECC5A9007C3A4D /* CoreBluetooth.framework */; };
		C90BD93F23ECC5B3007C3A4D /* CoreBluetooth.framework in Embed Frameworks */ = {isa = PBXBuildFile; fileRef = C90BD93A23ECC5A9007C3A4D /* CoreBluetooth.framework */; settings = {ATTRIBUTES = (RemoveHeadersOnCopy, ); }; };
		C90BD94123ECC5B4007C3A4D /* SystemConfiguration.framework in Frameworks */ = {isa = PBXBuildFile; fileRef = C90BD93C23ECC5B1007C3A4D /* SystemConfiguration.framework */; };
		C90BD94223ECC5B4007C3A4D /* SystemConfiguration.framework in Embed Frameworks */ = {isa = PBXBuildFile; fileRef = C90BD93C23ECC5B1007C3A4D /* SystemConfiguration.framework */; settings = {ATTRIBUTES = (RemoveHeadersOnCopy, ); }; };
		OBJ_37 /* BGXDevice.m in Sources */ = {isa = PBXBuildFile; fileRef = OBJ_18 /* BGXDevice.m */; };
		OBJ_38 /* BGXpressScanner.m in Sources */ = {isa = PBXBuildFile; fileRef = OBJ_19 /* BGXpressScanner.m */; };
		OBJ_39 /* SafeType.m in Sources */ = {isa = PBXBuildFile; fileRef = OBJ_20 /* SafeType.m */; };
		OBJ_40 /* Version.m in Sources */ = {isa = PBXBuildFile; fileRef = OBJ_21 /* Version.m */; };
		OBJ_41 /* bgx_dms.m in Sources */ = {isa = PBXBuildFile; fileRef = OBJ_22 /* bgx_dms.m */; };
		OBJ_42 /* bgx_ota_update.m in Sources */ = {isa = PBXBuildFile; fileRef = OBJ_23 /* bgx_ota_update.m */; };
		OBJ_49 /* Package.swift in Sources */ = {isa = PBXBuildFile; fileRef = OBJ_6 /* Package.swift */; };
		OBJ_60 /* XCTestManifests.swift in Sources */ = {isa = PBXBuildFile; fileRef = OBJ_26 /* XCTestManifests.swift */; };
		OBJ_61 /* bgxpressTests.swift in Sources */ = {isa = PBXBuildFile; fileRef = OBJ_27 /* bgxpressTests.swift */; };
		OBJ_63 /* bgxpress.framework in Frameworks */ = {isa = PBXBuildFile; fileRef = "bgxpress::bgxpress::Product" /* bgxpress.framework */; };
/* End PBXBuildFile section */

/* Begin PBXContainerItemProxy section */
		C90BD93723ECC590007C3A4D /* PBXContainerItemProxy */ = {
			isa = PBXContainerItemProxy;
			containerPortal = OBJ_1 /* Project object */;
			proxyType = 1;
			remoteGlobalIDString = "bgxpress::bgxpress";
			remoteInfo = bgxpress;
		};
		C90BD93823ECC59D007C3A4D /* PBXContainerItemProxy */ = {
			isa = PBXContainerItemProxy;
			containerPortal = OBJ_1 /* Project object */;
			proxyType = 1;
			remoteGlobalIDString = "bgxpress::bgxpressTests";
			remoteInfo = bgxpressTests;
		};
/* End PBXContainerItemProxy section */

/* Begin PBXCopyFilesBuildPhase section */
		C90BD94023ECC5B3007C3A4D /* Embed Frameworks */ = {
			isa = PBXCopyFilesBuildPhase;
			buildActionMask = 2147483647;
			dstPath = "";
			dstSubfolderSpec = 10;
			files = (
				C90BD94223ECC5B4007C3A4D /* SystemConfiguration.framework in Embed Frameworks */,
				C90BD93F23ECC5B3007C3A4D /* CoreBluetooth.framework in Embed Frameworks */,
			);
			name = "Embed Frameworks";
			runOnlyForDeploymentPostprocessing = 0;
		};
/* End PBXCopyFilesBuildPhase section */

/* Begin PBXFileReference section */
		C90BD93A23ECC5A9007C3A4D /* CoreBluetooth.framework */ = {isa = PBXFileReference; lastKnownFileType = wrapper.framework; name = CoreBluetooth.framework; path = Platforms/MacOSX.platform/Developer/SDKs/MacOSX10.15.sdk/System/Library/Frameworks/CoreBluetooth.framework; sourceTree = DEVELOPER_DIR; };
		C90BD93C23ECC5B1007C3A4D /* SystemConfiguration.framework */ = {isa = PBXFileReference; lastKnownFileType = wrapper.framework; name = SystemConfiguration.framework; path = Platforms/MacOSX.platform/Developer/SDKs/MacOSX10.15.sdk/System/Library/Frameworks/SystemConfiguration.framework; sourceTree = DEVELOPER_DIR; };
		OBJ_10 /* Version.h */ = {isa = PBXFileReference; lastKnownFileType = sourcecode.c.h; path = Version.h; sourceTree = "<group>"; };
		OBJ_11 /* BGXpressScanner.h */ = {isa = PBXFileReference; lastKnownFileType = sourcecode.c.h; path = BGXpressScanner.h; sourceTree = "<group>"; };
		OBJ_12 /* bgx_ota_update.h */ = {isa = PBXFileReference; lastKnownFileType = sourcecode.c.h; path = bgx_ota_update.h; sourceTree = "<group>"; };
		OBJ_13 /* SafeType.h */ = {isa = PBXFileReference; lastKnownFileType = sourcecode.c.h; path = SafeType.h; sourceTree = "<group>"; };
		OBJ_14 /* BGXUUID.h */ = {isa = PBXFileReference; lastKnownFileType = sourcecode.c.h; path = BGXUUID.h; sourceTree = "<group>"; };
		OBJ_15 /* bgx_dms.h */ = {isa = PBXFileReference; lastKnownFileType = sourcecode.c.h; path = bgx_dms.h; sourceTree = "<group>"; };
		OBJ_16 /* Info.plist */ = {isa = PBXFileReference; lastKnownFileType = text.plist.xml; path = Info.plist; sourceTree = "<group>"; };
		OBJ_17 /* BGXDevice.h */ = {isa = PBXFileReference; lastKnownFileType = sourcecode.c.h; path = BGXDevice.h; sourceTree = "<group>"; };
		OBJ_18 /* BGXDevice.m */ = {isa = PBXFileReference; lastKnownFileType = sourcecode.c.objc; path = BGXDevice.m; sourceTree = "<group>"; };
		OBJ_19 /* BGXpressScanner.m */ = {isa = PBXFileReference; lastKnownFileType = sourcecode.c.objc; path = BGXpressScanner.m; sourceTree = "<group>"; };
		OBJ_20 /* SafeType.m */ = {isa = PBXFileReference; lastKnownFileType = sourcecode.c.objc; path = SafeType.m; sourceTree = "<group>"; };
		OBJ_21 /* Version.m */ = {isa = PBXFileReference; lastKnownFileType = sourcecode.c.objc; path = Version.m; sourceTree = "<group>"; };
		OBJ_22 /* bgx_dms.m */ = {isa = PBXFileReference; lastKnownFileType = sourcecode.c.objc; path = bgx_dms.m; sourceTree = "<group>"; };
		OBJ_23 /* bgx_ota_update.m */ = {isa = PBXFileReference; lastKnownFileType = sourcecode.c.objc; path = bgx_ota_update.m; sourceTree = "<group>"; };
		OBJ_26 /* XCTestManifests.swift */ = {isa = PBXFileReference; lastKnownFileType = sourcecode.swift; path = XCTestManifests.swift; sourceTree = "<group>"; };
		OBJ_27 /* bgxpressTests.swift */ = {isa = PBXFileReference; lastKnownFileType = sourcecode.swift; path = bgxpressTests.swift; sourceTree = "<group>"; };
		OBJ_31 /* README.md */ = {isa = PBXFileReference; lastKnownFileType = net.daringfireball.markdown; path = README.md; sourceTree = "<group>"; };
		OBJ_6 /* Package.swift */ = {isa = PBXFileReference; explicitFileType = sourcecode.swift; path = Package.swift; sourceTree = "<group>"; };
		OBJ_9 /* bgxpress.h */ = {isa = PBXFileReference; lastKnownFileType = sourcecode.c.h; path = bgxpress.h; sourceTree = "<group>"; };
		"bgxpress::bgxpress::Product" /* bgxpress.framework */ = {isa = PBXFileReference; explicitFileType = wrapper.framework; path = bgxpress.framework; sourceTree = BUILT_PRODUCTS_DIR; };
		"bgxpress::bgxpressTests::Product" /* bgxpressTests.xctest */ = {isa = PBXFileReference; lastKnownFileType = file; path = bgxpressTests.xctest; sourceTree = BUILT_PRODUCTS_DIR; };
/* End PBXFileReference section */

/* Begin PBXFrameworksBuildPhase section */
		OBJ_43 /* Frameworks */ = {
			isa = PBXFrameworksBuildPhase;
			buildActionMask = 0;
			files = (
				C90BD94123ECC5B4007C3A4D /* SystemConfiguration.framework in Frameworks */,
				C90BD93E23ECC5B3007C3A4D /* CoreBluetooth.framework in Frameworks */,
			);
			runOnlyForDeploymentPostprocessing = 0;
		};
		OBJ_62 /* Frameworks */ = {
			isa = PBXFrameworksBuildPhase;
			buildActionMask = 0;
			files = (
				OBJ_63 /* bgxpress.framework in Frameworks */,
			);
			runOnlyForDeploymentPostprocessing = 0;
		};
/* End PBXFrameworksBuildPhase section */

/* Begin PBXGroup section */
		C90BD93923ECC5A9007C3A4D /* Frameworks */ = {
			isa = PBXGroup;
			children = (
				C90BD93C23ECC5B1007C3A4D /* SystemConfiguration.framework */,
				C90BD93A23ECC5A9007C3A4D /* CoreBluetooth.framework */,
			);
			name = Frameworks;
			sourceTree = "<group>";
		};
		OBJ_24 /* Tests */ = {
			isa = PBXGroup;
			children = (
				OBJ_25 /* bgxpressTests */,
			);
			name = Tests;
			sourceTree = SOURCE_ROOT;
		};
		OBJ_25 /* bgxpressTests */ = {
			isa = PBXGroup;
			children = (
				OBJ_26 /* XCTestManifests.swift */,
				OBJ_27 /* bgxpressTests.swift */,
			);
			name = bgxpressTests;
			path = Tests/bgxpressTests;
			sourceTree = SOURCE_ROOT;
		};
		OBJ_28 /* Products */ = {
			isa = PBXGroup;
			children = (
				"bgxpress::bgxpressTests::Product" /* bgxpressTests.xctest */,
				"bgxpress::bgxpress::Product" /* bgxpress.framework */,
			);
			name = Products;
			sourceTree = BUILT_PRODUCTS_DIR;
		};
		OBJ_5 /*  */ = {
			isa = PBXGroup;
			children = (
				OBJ_6 /* Package.swift */,
				OBJ_7 /* Sources */,
				OBJ_24 /* Tests */,
				OBJ_28 /* Products */,
				OBJ_31 /* README.md */,
				C90BD93923ECC5A9007C3A4D /* Frameworks */,
			);
			name = "";
			sourceTree = "<group>";
		};
		OBJ_7 /* Sources */ = {
			isa = PBXGroup;
			children = (
				OBJ_8 /* bgxpress */,
			);
			name = Sources;
			sourceTree = SOURCE_ROOT;
		};
		OBJ_8 /* bgxpress */ = {
			isa = PBXGroup;
			children = (
				OBJ_9 /* bgxpress.h */,
				OBJ_10 /* Version.h */,
				OBJ_11 /* BGXpressScanner.h */,
				OBJ_12 /* bgx_ota_update.h */,
				OBJ_13 /* SafeType.h */,
				OBJ_14 /* BGXUUID.h */,
				OBJ_15 /* bgx_dms.h */,
				OBJ_16 /* Info.plist */,
				OBJ_17 /* BGXDevice.h */,
				OBJ_18 /* BGXDevice.m */,
				OBJ_19 /* BGXpressScanner.m */,
				OBJ_20 /* SafeType.m */,
				OBJ_21 /* Version.m */,
				OBJ_22 /* bgx_dms.m */,
				OBJ_23 /* bgx_ota_update.m */,
			);
			name = bgxpress;
			path = Sources/bgxpress;
			sourceTree = SOURCE_ROOT;
		};
/* End PBXGroup section */

/* Begin PBXNativeTarget section */
		"bgxpress::SwiftPMPackageDescription" /* bgxpressPackageDescription */ = {
			isa = PBXNativeTarget;
			buildConfigurationList = OBJ_45 /* Build configuration list for PBXNativeTarget "bgxpressPackageDescription" */;
			buildPhases = (
				OBJ_48 /* Sources */,
			);
			buildRules = (
			);
			dependencies = (
			);
			name = bgxpressPackageDescription;
			productName = bgxpressPackageDescription;
			productType = "com.apple.product-type.framework";
		};
		"bgxpress::bgxpress" /* bgxpress */ = {
			isa = PBXNativeTarget;
			buildConfigurationList = OBJ_33 /* Build configuration list for PBXNativeTarget "bgxpress" */;
			buildPhases = (
				OBJ_36 /* Sources */,
				OBJ_43 /* Frameworks */,
				C90BD94023ECC5B3007C3A4D /* Embed Frameworks */,
			);
			buildRules = (
			);
			dependencies = (
			);
			name = bgxpress;
			productName = bgxpress;
			productReference = "bgxpress::bgxpress::Product" /* bgxpress.framework */;
			productType = "com.apple.product-type.framework";
		};
		"bgxpress::bgxpressTests" /* bgxpressTests */ = {
			isa = PBXNativeTarget;
			buildConfigurationList = OBJ_56 /* Build configuration list for PBXNativeTarget "bgxpressTests" */;
			buildPhases = (
				OBJ_59 /* Sources */,
				OBJ_62 /* Frameworks */,
			);
			buildRules = (
			);
			dependencies = (
				OBJ_64 /* PBXTargetDependency */,
			);
			name = bgxpressTests;
			productName = bgxpressTests;
			productReference = "bgxpress::bgxpressTests::Product" /* bgxpressTests.xctest */;
			productType = "com.apple.product-type.bundle.unit-test";
		};
/* End PBXNativeTarget section */

/* Begin PBXProject section */
		OBJ_1 /* Project object */ = {
			isa = PBXProject;
			attributes = {
				LastSwiftMigration = 9999;
				LastUpgradeCheck = 9999;
			};
			buildConfigurationList = OBJ_2 /* Build configuration list for PBXProject "bgxpress" */;
			compatibilityVersion = "Xcode 3.2";
			developmentRegion = en;
			hasScannedForEncodings = 0;
			knownRegions = (
				en,
			);
			mainGroup = OBJ_5 /*  */;
			productRefGroup = OBJ_28 /* Products */;
			projectDirPath = "";
			projectRoot = "";
			targets = (
				"bgxpress::bgxpress" /* bgxpress */,
				"bgxpress::SwiftPMPackageDescription" /* bgxpressPackageDescription */,
				"bgxpress::bgxpressPackageTests::ProductTarget" /* bgxpressPackageTests */,
				"bgxpress::bgxpressTests" /* bgxpressTests */,
			);
		};
/* End PBXProject section */

/* Begin PBXSourcesBuildPhase section */
		OBJ_36 /* Sources */ = {
			isa = PBXSourcesBuildPhase;
			buildActionMask = 0;
			files = (
				OBJ_37 /* BGXDevice.m in Sources */,
				OBJ_38 /* BGXpressScanner.m in Sources */,
				OBJ_39 /* SafeType.m in Sources */,
				OBJ_40 /* Version.m in Sources */,
				OBJ_41 /* bgx_dms.m in Sources */,
				OBJ_42 /* bgx_ota_update.m in Sources */,
			);
			runOnlyForDeploymentPostprocessing = 0;
		};
		OBJ_48 /* Sources */ = {
			isa = PBXSourcesBuildPhase;
			buildActionMask = 0;
			files = (
				OBJ_49 /* Package.swift in Sources */,
			);
			runOnlyForDeploymentPostprocessing = 0;
		};
		OBJ_59 /* Sources */ = {
			isa = PBXSourcesBuildPhase;
			buildActionMask = 0;
			files = (
				OBJ_60 /* XCTestManifests.swift in Sources */,
				OBJ_61 /* bgxpressTests.swift in Sources */,
			);
			runOnlyForDeploymentPostprocessing = 0;
		};
/* End PBXSourcesBuildPhase section */

/* Begin PBXTargetDependency section */
		OBJ_54 /* PBXTargetDependency */ = {
			isa = PBXTargetDependency;
			target = "bgxpress::bgxpressTests" /* bgxpressTests */;
			targetProxy = C90BD93823ECC59D007C3A4D /* PBXContainerItemProxy */;
		};
		OBJ_64 /* PBXTargetDependency */ = {
			isa = PBXTargetDependency;
			target = "bgxpress::bgxpress" /* bgxpress */;
			targetProxy = C90BD93723ECC590007C3A4D /* PBXContainerItemProxy */;
		};
/* End PBXTargetDependency section */

/* Begin XCBuildConfiguration section */
		OBJ_3 /* Debug */ = {
			isa = XCBuildConfiguration;
			buildSettings = {
				CLANG_ENABLE_OBJC_ARC = YES;
				COMBINE_HIDPI_IMAGES = YES;
				COPY_PHASE_STRIP = NO;
				DEBUG_INFORMATION_FORMAT = dwarf;
				DYLIB_INSTALL_NAME_BASE = "@rpath";
				ENABLE_NS_ASSERTIONS = YES;
				GCC_OPTIMIZATION_LEVEL = 0;
				GCC_PREPROCESSOR_DEFINITIONS = (
					"$(inherited)",
					"SWIFT_PACKAGE=1",
					"DEBUG=1",
				);
				MACOSX_DEPLOYMENT_TARGET = 10.10;
				ONLY_ACTIVE_ARCH = YES;
				OTHER_SWIFT_FLAGS = "$(inherited) -DXcode";
				PRODUCT_NAME = "$(TARGET_NAME)";
				SDKROOT = iphoneos;
				SUPPORTED_PLATFORMS = "macosx iphoneos iphonesimulator appletvos appletvsimulator watchos watchsimulator";
				SWIFT_ACTIVE_COMPILATION_CONDITIONS = "$(inherited) SWIFT_PACKAGE DEBUG";
				SWIFT_OPTIMIZATION_LEVEL = "-Onone";
				USE_HEADERMAP = NO;
			};
			name = Debug;
		};
		OBJ_34 /* Debug */ = {
			isa = XCBuildConfiguration;
			buildSettings = {
				ENABLE_TESTABILITY = YES;
				FRAMEWORK_SEARCH_PATHS = (
					"$(inherited)",
					"$(PLATFORM_DIR)/Developer/Library/Frameworks",
				);
				HEADER_SEARCH_PATHS = (
					"$(inherited)",
					"$(SRCROOT)/Sources/bgxpress/include",
				);
				INFOPLIST_FILE = bgxpress.xcodeproj/bgxpress_Info.plist;
				IPHONEOS_DEPLOYMENT_TARGET = 12.0;
				LD_RUNPATH_SEARCH_PATHS = "$(inherited) $(TOOLCHAIN_DIR)/usr/lib/swift/macosx";
				MACOSX_DEPLOYMENT_TARGET = 10.10;
				OTHER_CFLAGS = "$(inherited)";
				OTHER_LDFLAGS = "$(inherited)";
				OTHER_SWIFT_FLAGS = "$(inherited)";
				PRODUCT_BUNDLE_IDENTIFIER = bgxpress;
				PRODUCT_MODULE_NAME = "$(TARGET_NAME:c99extidentifier)";
				PRODUCT_NAME = "$(TARGET_NAME:c99extidentifier)";
				SKIP_INSTALL = YES;
				SWIFT_ACTIVE_COMPILATION_CONDITIONS = "$(inherited)";
				TARGETED_DEVICE_FAMILY = "1,2";
				TARGET_NAME = bgxpress;
				TVOS_DEPLOYMENT_TARGET = 9.0;
				WATCHOS_DEPLOYMENT_TARGET = 2.0;
			};
			name = Debug;
		};
		OBJ_35 /* Release */ = {
			isa = XCBuildConfiguration;
			buildSettings = {
				ENABLE_TESTABILITY = YES;
				FRAMEWORK_SEARCH_PATHS = (
					"$(inherited)",
					"$(PLATFORM_DIR)/Developer/Library/Frameworks",
				);
				HEADER_SEARCH_PATHS = (
					"$(inherited)",
					"$(SRCROOT)/Sources/bgxpress/include",
				);
				INFOPLIST_FILE = bgxpress.xcodeproj/bgxpress_Info.plist;
				IPHONEOS_DEPLOYMENT_TARGET = 12.0;
				LD_RUNPATH_SEARCH_PATHS = "$(inherited) $(TOOLCHAIN_DIR)/usr/lib/swift/macosx";
				MACOSX_DEPLOYMENT_TARGET = 10.10;
				OTHER_CFLAGS = "$(inherited)";
				OTHER_LDFLAGS = "$(inherited)";
				OTHER_SWIFT_FLAGS = "$(inherited)";
				PRODUCT_BUNDLE_IDENTIFIER = bgxpress;
				PRODUCT_MODULE_NAME = "$(TARGET_NAME:c99extidentifier)";
				PRODUCT_NAME = "$(TARGET_NAME:c99extidentifier)";
				SKIP_INSTALL = YES;
				SWIFT_ACTIVE_COMPILATION_CONDITIONS = "$(inherited)";
				TARGETED_DEVICE_FAMILY = "1,2";
				TARGET_NAME = bgxpress;
				TVOS_DEPLOYMENT_TARGET = 9.0;
				WATCHOS_DEPLOYMENT_TARGET = 2.0;
			};
			name = Release;
		};
		OBJ_4 /* Release */ = {
			isa = XCBuildConfiguration;
			buildSettings = {
				CLANG_ENABLE_OBJC_ARC = YES;
				COMBINE_HIDPI_IMAGES = YES;
				COPY_PHASE_STRIP = YES;
				DEBUG_INFORMATION_FORMAT = "dwarf-with-dsym";
				DYLIB_INSTALL_NAME_BASE = "@rpath";
				GCC_OPTIMIZATION_LEVEL = s;
				GCC_PREPROCESSOR_DEFINITIONS = (
					"$(inherited)",
					"SWIFT_PACKAGE=1",
				);
				MACOSX_DEPLOYMENT_TARGET = 10.10;
				OTHER_SWIFT_FLAGS = "$(inherited) -DXcode";
				PRODUCT_NAME = "$(TARGET_NAME)";
				SDKROOT = iphoneos;
				SUPPORTED_PLATFORMS = "macosx iphoneos iphonesimulator appletvos appletvsimulator watchos watchsimulator";
				SWIFT_ACTIVE_COMPILATION_CONDITIONS = "$(inherited) SWIFT_PACKAGE";
				SWIFT_OPTIMIZATION_LEVEL = "-Owholemodule";
				USE_HEADERMAP = NO;
			};
			name = Release;
		};
		OBJ_46 /* Debug */ = {
			isa = XCBuildConfiguration;
			buildSettings = {
				LD = /usr/bin/true;
				OTHER_SWIFT_FLAGS = "-swift-version 5 -I $(TOOLCHAIN_DIR)/usr/lib/swift/pm/4_2 -target x86_64-apple-macosx10.10 -sdk /Applications/Xcode.app/Contents/Developer/Platforms/MacOSX.platform/Developer/SDKs/MacOSX10.15.sdk -package-description-version 5.1";
				SWIFT_VERSION = 5.0;
			};
			name = Debug;
		};
		OBJ_47 /* Release */ = {
			isa = XCBuildConfiguration;
			buildSettings = {
				LD = /usr/bin/true;
				OTHER_SWIFT_FLAGS = "-swift-version 5 -I $(TOOLCHAIN_DIR)/usr/lib/swift/pm/4_2 -target x86_64-apple-macosx10.10 -sdk /Applications/Xcode.app/Contents/Developer/Platforms/MacOSX.platform/Developer/SDKs/MacOSX10.15.sdk -package-description-version 5.1";
				SWIFT_VERSION = 5.0;
			};
			name = Release;
		};
		OBJ_52 /* Debug */ = {
			isa = XCBuildConfiguration;
			buildSettings = {
			};
			name = Debug;
		};
		OBJ_53 /* Release */ = {
			isa = XCBuildConfiguration;
			buildSettings = {
			};
			name = Release;
		};
		OBJ_57 /* Debug */ = {
			isa = XCBuildConfiguration;
			buildSettings = {
				CLANG_ENABLE_MODULES = YES;
				EMBEDDED_CONTENT_CONTAINS_SWIFT = YES;
				FRAMEWORK_SEARCH_PATHS = (
					"$(inherited)",
					"$(PLATFORM_DIR)/Developer/Library/Frameworks",
				);
				HEADER_SEARCH_PATHS = (
					"$(inherited)",
					"$(SRCROOT)/Sources/bgxpress/include",
				);
				INFOPLIST_FILE = bgxpress.xcodeproj/bgxpressTests_Info.plist;
				IPHONEOS_DEPLOYMENT_TARGET = 12.0;
				LD_RUNPATH_SEARCH_PATHS = "$(inherited) @loader_path/../Frameworks @loader_path/Frameworks";
				MACOSX_DEPLOYMENT_TARGET = 10.10;
				OTHER_CFLAGS = "$(inherited)";
				OTHER_LDFLAGS = "$(inherited)";
				OTHER_SWIFT_FLAGS = "$(inherited)";
				SWIFT_ACTIVE_COMPILATION_CONDITIONS = "$(inherited)";
				SWIFT_VERSION = 5.0;
				TARGET_NAME = bgxpressTests;
				TVOS_DEPLOYMENT_TARGET = 9.0;
				WATCHOS_DEPLOYMENT_TARGET = 2.0;
			};
			name = Debug;
		};
		OBJ_58 /* Release */ = {
			isa = XCBuildConfiguration;
			buildSettings = {
				CLANG_ENABLE_MODULES = YES;
				EMBEDDED_CONTENT_CONTAINS_SWIFT = YES;
				FRAMEWORK_SEARCH_PATHS = (
					"$(inherited)",
					"$(PLATFORM_DIR)/Developer/Library/Frameworks",
				);
				HEADER_SEARCH_PATHS = (
					"$(inherited)",
					"$(SRCROOT)/Sources/bgxpress/include",
				);
				INFOPLIST_FILE = bgxpress.xcodeproj/bgxpressTests_Info.plist;
				IPHONEOS_DEPLOYMENT_TARGET = 12.0;
				LD_RUNPATH_SEARCH_PATHS = "$(inherited) @loader_path/../Frameworks @loader_path/Frameworks";
				MACOSX_DEPLOYMENT_TARGET = 10.10;
				OTHER_CFLAGS = "$(inherited)";
				OTHER_LDFLAGS = "$(inherited)";
				OTHER_SWIFT_FLAGS = "$(inherited)";
				SWIFT_ACTIVE_COMPILATION_CONDITIONS = "$(inherited)";
				SWIFT_VERSION = 5.0;
				TARGET_NAME = bgxpressTests;
				TVOS_DEPLOYMENT_TARGET = 9.0;
				WATCHOS_DEPLOYMENT_TARGET = 2.0;
			};
			name = Release;
		};
/* End XCBuildConfiguration section */

/* Begin XCConfigurationList section */
		OBJ_2 /* Build configuration list for PBXProject "bgxpress" */ = {
			isa = XCConfigurationList;
			buildConfigurations = (
				OBJ_3 /* Debug */,
				OBJ_4 /* Release */,
			);
			defaultConfigurationIsVisible = 0;
			defaultConfigurationName = Release;
		};
		OBJ_33 /* Build configuration list for PBXNativeTarget "bgxpress" */ = {
			isa = XCConfigurationList;
			buildConfigurations = (
				OBJ_34 /* Debug */,
				OBJ_35 /* Release */,
			);
			defaultConfigurationIsVisible = 0;
			defaultConfigurationName = Release;
		};
		OBJ_45 /* Build configuration list for PBXNativeTarget "bgxpressPackageDescription" */ = {
			isa = XCConfigurationList;
			buildConfigurations = (
				OBJ_46 /* Debug */,
				OBJ_47 /* Release */,
			);
			defaultConfigurationIsVisible = 0;
			defaultConfigurationName = Release;
		};
		OBJ_51 /* Build configuration list for PBXAggregateTarget "bgxpressPackageTests" */ = {
			isa = XCConfigurationList;
			buildConfigurations = (
				OBJ_52 /* Debug */,
				OBJ_53 /* Release */,
			);
			defaultConfigurationIsVisible = 0;
			defaultConfigurationName = Release;
		};
		OBJ_56 /* Build configuration list for PBXNativeTarget "bgxpressTests" */ = {
			isa = XCConfigurationList;
			buildConfigurations = (
				OBJ_57 /* Debug */,
				OBJ_58 /* Release */,
			);
			defaultConfigurationIsVisible = 0;
			defaultConfigurationName = Release;
		};
/* End XCConfigurationList section */
	};
	rootObject = OBJ_1 /* Project object */;
}
